
Microsoft Visual Studio Solution File, Format Version 12.00
# Visual Studio 15
VisualStudioVersion = 15.0.27703.2047
MinimumVisualStudioVersion = 10.0.40219.1
Project("{FAE04EC0-301F-11D3-BF4B-00C04F79EFBC}") = "actividadagosto9.Android", "actividadagosto9\actividadagosto9.Android\actividadagosto9.Android.csproj", "{BFA589CA-018C-4F34-AF33-A7479C0FD9ED}"
EndProject
Project("{FAE04EC0-301F-11D3-BF4B-00C04F79EFBC}") = "actividadagosto9.iOS", "actividadagosto9\actividadagosto9.iOS\actividadagosto9.iOS.csproj", "{A2CADBC0-35DC-46D2-899B-29315A7D1F42}"
EndProject
Project("{FAE04EC0-301F-11D3-BF4B-00C04F79EFBC}") = "actividadagosto9", "actividadagosto9\actividadagosto9\actividadagosto9.csproj", "{4D7ACF2C-214A-4EE4-9EF2-12BF8989076A}"
EndProject
Global
	GlobalSection(SolutionConfigurationPlatforms) = preSolution
		Ad-Hoc|Any CPU = Ad-Hoc|Any CPU
		Ad-Hoc|iPhone = Ad-Hoc|iPhone
		Ad-Hoc|iPhoneSimulator = Ad-Hoc|iPhoneSimulator
		AppStore|Any CPU = AppStore|Any CPU
		AppStore|iPhone = AppStore|iPhone
		AppStore|iPhoneSimulator = AppStore|iPhoneSimulator
		Debug|Any CPU = Debug|Any CPU
		Debug|iPhone = Debug|iPhone
		Debug|iPhoneSimulator = Debug|iPhoneSimulator
		Release|Any CPU = Release|Any CPU
		Release|iPhone = Release|iPhone
		Release|iPhoneSimulator = Release|iPhoneSimulator
	EndGlobalSection
	GlobalSection(ProjectConfigurationPlatforms) = postSolution
		{BFA589CA-018C-4F34-AF33-A7479C0FD9ED}.Ad-Hoc|Any CPU.ActiveCfg = Release|Any CPU
		{BFA589CA-018C-4F34-AF33-A7479C0FD9ED}.Ad-Hoc|Any CPU.Build.0 = Release|Any CPU
		{BFA589CA-018C-4F34-AF33-A7479C0FD9ED}.Ad-Hoc|Any CPU.Deploy.0 = Release|Any CPU
		{BFA589CA-018C-4F34-AF33-A7479C0FD9ED}.Ad-Hoc|iPhone.ActiveCfg = Release|Any CPU
		{BFA589CA-018C-4F34-AF33-A7479C0FD9ED}.Ad-Hoc|iPhone.Build.0 = Release|Any CPU
		{BFA589CA-018C-4F34-AF33-A7479C0FD9ED}.Ad-Hoc|iPhone.Deploy.0 = Release|Any CPU
		{BFA589CA-018C-4F34-AF33-A7479C0FD9ED}.Ad-Hoc|iPhoneSimulator.ActiveCfg = Release|Any CPU
		{BFA589CA-018C-4F34-AF33-A7479C0FD9ED}.Ad-Hoc|iPhoneSimulator.Build.0 = Release|Any CPU
		{BFA589CA-018C-4F34-AF33-A7479C0FD9ED}.Ad-Hoc|iPhoneSimulator.Deploy.0 = Release|Any CPU
		{BFA589CA-018C-4F34-AF33-A7479C0FD9ED}.AppStore|Any CPU.ActiveCfg = Release|Any CPU
		{BFA589CA-018C-4F34-AF33-A7479C0FD9ED}.AppStore|Any CPU.Build.0 = Release|Any CPU
		{BFA589CA-018C-4F34-AF33-A7479C0FD9ED}.AppStore|Any CPU.Deploy.0 = Release|Any CPU
		{BFA589CA-018C-4F34-AF33-A7479C0FD9ED}.AppStore|iPhone.ActiveCfg = Release|Any CPU
		{BFA589CA-018C-4F34-AF33-A7479C0FD9ED}.AppStore|iPhone.Build.0 = Release|Any CPU
		{BFA589CA-018C-4F34-AF33-A7479C0FD9ED}.AppStore|iPhone.Deploy.0 = Release|Any CPU
		{BFA589CA-018C-4F34-AF33-A7479C0FD9ED}.AppStore|iPhoneSimulator.ActiveCfg = Release|Any CPU
		{BFA589CA-018C-4F34-AF33-A7479C0FD9ED}.AppStore|iPhoneSimulator.Build.0 = Release|Any CPU
		{BFA589CA-018C-4F34-AF33-A7479C0FD9ED}.AppStore|iPhoneSimulator.Deploy.0 = Release|Any CPU
		{BFA589CA-018C-4F34-AF33-A7479C0FD9ED}.Debug|Any CPU.ActiveCfg = Debug|Any CPU
		{BFA589CA-018C-4F34-AF33-A7479C0FD9ED}.Debug|Any CPU.Build.0 = Debug|Any CPU
		{BFA589CA-018C-4F34-AF33-A7479C0FD9ED}.Debug|Any CPU.Deploy.0 = Debug|Any CPU
		{BFA589CA-018C-4F34-AF33-A7479C0FD9ED}.Debug|iPhone.ActiveCfg = Debug|Any CPU
		{BFA589CA-018C-4F34-AF33-A7479C0FD9ED}.Debug|iPhone.Build.0 = Debug|Any CPU
		{BFA589CA-018C-4F34-AF33-A7479C0FD9ED}.Debug|iPhone.Deploy.0 = Debug|Any CPU
		{BFA589CA-018C-4F34-AF33-A7479C0FD9ED}.Debug|iPhoneSimulator.ActiveCfg = Debug|Any CPU
		{BFA589CA-018C-4F34-AF33-A7479C0FD9ED}.Debug|iPhoneSimulator.Build.0 = Debug|Any CPU
		{BFA589CA-018C-4F34-AF33-A7479C0FD9ED}.Debug|iPhoneSimulator.Deploy.0 = Debug|Any CPU
		{BFA589CA-018C-4F34-AF33-A7479C0FD9ED}.Release|Any CPU.ActiveCfg = Release|Any CPU
		{BFA589CA-018C-4F34-AF33-A7479C0FD9ED}.Release|Any CPU.Build.0 = Release|Any CPU
		{BFA589CA-018C-4F34-AF33-A7479C0FD9ED}.Release|Any CPU.Deploy.0 = Release|Any CPU
		{BFA589CA-018C-4F34-AF33-A7479C0FD9ED}.Release|iPhone.ActiveCfg = Release|Any CPU
		{BFA589CA-018C-4F34-AF33-A7479C0FD9ED}.Release|iPhone.Build.0 = Release|Any CPU
		{BFA589CA-018C-4F34-AF33-A7479C0FD9ED}.Release|iPhone.Deploy.0 = Release|Any CPU
		{BFA589CA-018C-4F34-AF33-A7479C0FD9ED}.Release|iPhoneSimulator.ActiveCfg = Release|Any CPU
		{BFA589CA-018C-4F34-AF33-A7479C0FD9ED}.Release|iPhoneSimulator.Build.0 = Release|Any CPU
		{BFA589CA-018C-4F34-AF33-A7479C0FD9ED}.Release|iPhoneSimulator.Deploy.0 = Release|Any CPU
		{A2CADBC0-35DC-46D2-899B-29315A7D1F42}.Ad-Hoc|Any CPU.ActiveCfg = Ad-Hoc|iPhone
		{A2CADBC0-35DC-46D2-899B-29315A7D1F42}.Ad-Hoc|Any CPU.Build.0 = Ad-Hoc|iPhone
		{A2CADBC0-35DC-46D2-899B-29315A7D1F42}.Ad-Hoc|Any CPU.Deploy.0 = Ad-Hoc|iPhone
		{A2CADBC0-35DC-46D2-899B-29315A7D1F42}.Ad-Hoc|iPhone.ActiveCfg = Ad-Hoc|iPhone
		{A2CADBC0-35DC-46D2-899B-29315A7D1F42}.Ad-Hoc|iPhone.Build.0 = Ad-Hoc|iPhone
		{A2CADBC0-35DC-46D2-899B-29315A7D1F42}.Ad-Hoc|iPhone.Deploy.0 = Ad-Hoc|iPhone
		{A2CADBC0-35DC-46D2-899B-29315A7D1F42}.Ad-Hoc|iPhoneSimulator.ActiveCfg = Ad-Hoc|iPhoneSimulator
		{A2CADBC0-35DC-46D2-899B-29315A7D1F42}.Ad-Hoc|iPhoneSimulator.Build.0 = Ad-Hoc|iPhoneSimulator
		{A2CADBC0-35DC-46D2-899B-29315A7D1F42}.Ad-Hoc|iPhoneSimulator.Deploy.0 = Ad-Hoc|iPhoneSimulator
		{A2CADBC0-35DC-46D2-899B-29315A7D1F42}.AppStore|Any CPU.ActiveCfg = AppStore|iPhone
		{A2CADBC0-35DC-46D2-899B-29315A7D1F42}.AppStore|Any CPU.Build.0 = AppStore|iPhone
		{A2CADBC0-35DC-46D2-899B-29315A7D1F42}.AppStore|Any CPU.Deploy.0 = AppStore|iPhone
		{A2CADBC0-35DC-46D2-899B-29315A7D1F42}.AppStore|iPhone.ActiveCfg = AppStore|iPhone
		{A2CADBC0-35DC-46D2-899B-29315A7D1F42}.AppStore|iPhone.Build.0 = AppStore|iPhone
		{A2CADBC0-35DC-46D2-899B-29315A7D1F42}.AppStore|iPhone.Deploy.0 = AppStore|iPhone
		{A2CADBC0-35DC-46D2-899B-29315A7D1F42}.AppStore|iPhoneSimulator.ActiveCfg = AppStore|iPhoneSimulator
		{A2CADBC0-35DC-46D2-899B-29315A7D1F42}.AppStore|iPhoneSimulator.Build.0 = AppStore|iPhoneSimulator
		{A2CADBC0-35DC-46D2-899B-29315A7D1F42}.AppStore|iPhoneSimulator.Deploy.0 = AppStore|iPhoneSimulator
		{A2CADBC0-35DC-46D2-899B-29315A7D1F42}.Debug|Any CPU.ActiveCfg = Debug|iPhoneSimulator
		{A2CADBC0-35DC-46D2-899B-29315A7D1F42}.Debug|Any CPU.Build.0 = Debug|iPhoneSimulator
		{A2CADBC0-35DC-46D2-899B-29315A7D1F42}.Debug|Any CPU.Deploy.0 = Debug|iPhoneSimulator
		{A2CADBC0-35DC-46D2-899B-29315A7D1F42}.Debug|iPhone.ActiveCfg = Debug|iPhone
		{A2CADBC0-35DC-46D2-899B-29315A7D1F42}.Debug|iPhone.Build.0 = Debug|iPhone
		{A2CADBC0-35DC-46D2-899B-29315A7D1F42}.Debug|iPhone.Deploy.0 = Debug|iPhone
		{A2CADBC0-35DC-46D2-899B-29315A7D1F42}.Debug|iPhoneSimulator.ActiveCfg = Debug|iPhoneSimulator
		{A2CADBC0-35DC-46D2-899B-29315A7D1F42}.Debug|iPhoneSimulator.Build.0 = Debug|iPhoneSimulator
		{A2CADBC0-35DC-46D2-899B-29315A7D1F42}.Debug|iPhoneSimulator.Deploy.0 = Debug|iPhoneSimulator
		{A2CADBC0-35DC-46D2-899B-29315A7D1F42}.Release|Any CPU.ActiveCfg = Release|iPhone
		{A2CADBC0-35DC-46D2-899B-29315A7D1F42}.Release|Any CPU.Build.0 = Release|iPhone
		{A2CADBC0-35DC-46D2-899B-29315A7D1F42}.Release|Any CPU.Deploy.0 = Release|iPhone
		{A2CADBC0-35DC-46D2-899B-29315A7D1F42}.Release|iPhone.ActiveCfg = Release|iPhone
		{A2CADBC0-35DC-46D2-899B-29315A7D1F42}.Release|iPhone.Build.0 = Release|iPhone
		{A2CADBC0-35DC-46D2-899B-29315A7D1F42}.Release|iPhone.Deploy.0 = Release|iPhone
		{A2CADBC0-35DC-46D2-899B-29315A7D1F42}.Release|iPhoneSimulator.ActiveCfg = Release|iPhoneSimulator
		{A2CADBC0-35DC-46D2-899B-29315A7D1F42}.Release|iPhoneSimulator.Build.0 = Release|iPhoneSimulator
		{A2CADBC0-35DC-46D2-899B-29315A7D1F42}.Release|iPhoneSimulator.Deploy.0 = Release|iPhoneSimulator
		{4D7ACF2C-214A-4EE4-9EF2-12BF8989076A}.Ad-Hoc|Any CPU.ActiveCfg = Debug|Any CPU
		{4D7ACF2C-214A-4EE4-9EF2-12BF8989076A}.Ad-Hoc|Any CPU.Build.0 = Debug|Any CPU
		{4D7ACF2C-214A-4EE4-9EF2-12BF8989076A}.Ad-Hoc|Any CPU.Deploy.0 = Debug|Any CPU
		{4D7ACF2C-214A-4EE4-9EF2-12BF8989076A}.Ad-Hoc|iPhone.ActiveCfg = Debug|Any CPU
		{4D7ACF2C-214A-4EE4-9EF2-12BF8989076A}.Ad-Hoc|iPhone.Build.0 = Debug|Any CPU
		{4D7ACF2C-214A-4EE4-9EF2-12BF8989076A}.Ad-Hoc|iPhone.Deploy.0 = Debug|Any CPU
		{4D7ACF2C-214A-4EE4-9EF2-12BF8989076A}.Ad-Hoc|iPhoneSimulator.ActiveCfg = Debug|Any CPU
		{4D7ACF2C-214A-4EE4-9EF2-12BF8989076A}.Ad-Hoc|iPhoneSimulator.Build.0 = Debug|Any CPU
		{4D7ACF2C-214A-4EE4-9EF2-12BF8989076A}.Ad-Hoc|iPhoneSimulator.Deploy.0 = Debug|Any CPU
		{4D7ACF2C-214A-4EE4-9EF2-12BF8989076A}.AppStore|Any CPU.ActiveCfg = Debug|Any CPU
		{4D7ACF2C-214A-4EE4-9EF2-12BF8989076A}.AppStore|Any CPU.Build.0 = Debug|Any CPU
		{4D7ACF2C-214A-4EE4-9EF2-12BF8989076A}.AppStore|Any CPU.Deploy.0 = Debug|Any CPU
		{4D7ACF2C-214A-4EE4-9EF2-12BF8989076A}.AppStore|iPhone.ActiveCfg = Debug|Any CPU
		{4D7ACF2C-214A-4EE4-9EF2-12BF8989076A}.AppStore|iPhone.Build.0 = Debug|Any CPU
		{4D7ACF2C-214A-4EE4-9EF2-12BF8989076A}.AppStore|iPhone.Deploy.0 = Debug|Any CPU
		{4D7ACF2C-214A-4EE4-9EF2-12BF8989076A}.AppStore|iPhoneSimulator.ActiveCfg = Debug|Any CPU
		{4D7ACF2C-214A-4EE4-9EF2-12BF8989076A}.AppStore|iPhoneSimulator.Build.0 = Debug|Any CPU
		{4D7ACF2C-214A-4EE4-9EF2-12BF8989076A}.AppStore|iPhoneSimulator.Deploy.0 = Debug|Any CPU
		{4D7ACF2C-214A-4EE4-9EF2-12BF8989076A}.Debug|Any CPU.ActiveCfg = Debug|Any CPU
		{4D7ACF2C-214A-4EE4-9EF2-12BF8989076A}.Debug|Any CPU.Build.0 = Debug|Any CPU
		{4D7ACF2C-214A-4EE4-9EF2-12BF8989076A}.Debug|Any CPU.Deploy.0 = Debug|Any CPU
		{4D7ACF2C-214A-4EE4-9EF2-12BF8989076A}.Debug|iPhone.ActiveCfg = Debug|Any CPU
		{4D7ACF2C-214A-4EE4-9EF2-12BF8989076A}.Debug|iPhone.Build.0 = Debug|Any CPU
		{4D7ACF2C-214A-4EE4-9EF2-12BF8989076A}.Debug|iPhone.Deploy.0 = Debug|Any CPU
		{4D7ACF2C-214A-4EE4-9EF2-12BF8989076A}.Debug|iPhoneSimulator.ActiveCfg = Debug|Any CPU
		{4D7ACF2C-214A-4EE4-9EF2-12BF8989076A}.Debug|iPhoneSimulator.Build.0 = Debug|Any CPU
		{4D7ACF2C-214A-4EE4-9EF2-12BF8989076A}.Debug|iPhoneSimulator.Deploy.0 = Debug|Any CPU
		{4D7ACF2C-214A-4EE4-9EF2-12BF8989076A}.Release|Any CPU.ActiveCfg = Release|Any CPU
		{4D7ACF2C-214A-4EE4-9EF2-12BF8989076A}.Release|Any CPU.Build.0 = Release|Any CPU
		{4D7ACF2C-214A-4EE4-9EF2-12BF8989076A}.Release|Any CPU.Deploy.0 = Release|Any CPU
		{4D7ACF2C-214A-4EE4-9EF2-12BF8989076A}.Release|iPhone.ActiveCfg = Release|Any CPU
		{4D7ACF2C-214A-4EE4-9EF2-12BF8989076A}.Release|iPhone.Build.0 = Release|Any CPU
		{4D7ACF2C-214A-4EE4-9EF2-12BF8989076A}.Release|iPhone.Deploy.0 = Release|Any CPU
		{4D7ACF2C-214A-4EE4-9EF2-12BF8989076A}.Release|iPhoneSimulator.ActiveCfg = Release|Any CPU
		{4D7ACF2C-214A-4EE4-9EF2-12BF8989076A}.Release|iPhoneSimulator.Build.0 = Release|Any CPU
		{4D7ACF2C-214A-4EE4-9EF2-12BF8989076A}.Release|iPhoneSimulator.Deploy.0 = Release|Any CPU
	EndGlobalSection
	GlobalSection(SolutionProperties) = preSolution
		HideSolutionNode = FALSE
	EndGlobalSection
	GlobalSection(ExtensibilityGlobals) = postSolution
		SolutionGuid = {6B4D2114-66CE-4A4E-B672-E1C3ACDE5D59}
	EndGlobalSection
EndGlobal
